github.com/gethugothemes/hugo-modules/accordion v0.0.0-20250306074534-f5c3a047e69c h1:KRONvvj+eXrBli3xpbPSczY1ROAMZgv16d52vyYL4K0=
github.com/gethugothemes/hugo-modules/accordion v0.0.0-20250306074534-f5c3a047e69c/go.mod h1:D4DpauKPDcUHI9CVKYmJeO6bkSJIhUN864TyXZ2o0VI=
github.com/gethugothemes/hugo-modules/adsense v0.0.0-20250306074534-f5c3a047e69c h1:wnXjMzTSkcZrH2hXwoZquDKDA8yXDAjRBIyMUOtQJAA=
github.com/gethugothemes/hugo-modules/adsense v0.0.0-20250306074534-f5c3a047e69c/go.mod h1:8p/gG/cyyu20z4q5cFN/JGE5TOFA55Xsp+aIP9KCsqo=
github.com/gethugothemes/hugo-modules/components/announcement v0.0.0-20250306074534-f5c3a047e69c h1:y36snTO9SsIaRpXgcG5oBMHImE4lP3laFz6KezFYZpA=
github.com/gethugothemes/hugo-modules/components/announcement v0.0.0-20250306074534-f5c3a047e69c/go.mod h1:BO6vbFLvEgb45epi/QtUkQmTyqsWSwxIqTpwDvqJFHk=
github.com/gethugothemes/hugo-modules/components/cookie-consent v0.0.0-20250306074534-f5c3a047e69c h1:Rens1c6etnHfzpchAz6qqNtoEToysCJcgCNk6qzVqzo=
github.com/gethugothemes/hugo-modules/components/cookie-consent v0.0.0-20250306074534-f5c3a047e69c/go.mod h1:511ERLpGe3ZTfV2z/NAtUSR5NqKF26h9z5lU/zYV4YQ=
github.com/gethugothemes/hugo-modules/components/custom-script v0.0.0-20250306074534-f5c3a047e69c h1:14hLxiwbLYP+I99/w/RhgpKV6pUn8Vuf3BNEk856AdI=
github.com/gethugothemes/hugo-modules/components/custom-script v0.0.0-20250306074534-f5c3a047e69c/go.mod h1:RuDHq4WnK8sNEzAIJr4BZQ7oXhzcct/EKaAxc2Xvi9E=
github.com/gethugothemes/hugo-modules/components/preloader v0.0.0-20250306074534-f5c3a047e69c h1:kRFgS3eJ0Nxq8wagat6SThraYTDEZ9fnzoRf1k9jOBI=
github.com/gethugothemes/hugo-modules/components/preloader v0.0.0-20250306074534-f5c3a047e69c/go.mod h1:FP0iQ3tMOesuWFZhLst2KEvUEYPb5Jk1GW+QBP9lrwg=
github.com/gethugothemes/hugo-modules/components/render-link v0.0.0-20250306074534-f5c3a047e69c h1:g1/fcOFVSiq65REh5IUq93akzEup+Ke4qiQBk0TURDk=
github.com/gethugothemes/hugo-modules/components/render-link v0.0.0-20250306074534-f5c3a047e69c/go.mod h1:z3YcIeEBUonAoRDY1/Jv1ojNVkZ5ud35a0Nn8L4Inx0=
github.com/gethugothemes/hugo-modules/components/social-share v0.0.0-20250306074534-f5c3a047e69c h1:Nb3t0rX63obZbPcXk8ktqxQk+GF8BlMQ0wCON86QRDg=
github.com/gethugothemes/hugo-modules/components/social-share v0.0.0-20250306074534-f5c3a047e69c/go.mod h1:Gcj4RM/EBECsJMZnPeWjfy/1roRYGqzV9GYNmeHkvFA=
github.com/gethugothemes/hugo-modules/gallery-slider v0.0.0-20250306074534-f5c3a047e69c h1:c9oWeYZvDKHhtqRRFKiPojwh2UuwLJ47Tul7UVB5yWU=
github.com/gethugothemes/hugo-modules/gallery-slider v0.0.0-20250306074534-f5c3a047e69c/go.mod h1:MvQ2js/ofZ22CTX5wuvE+dC0rMe6C5HAWL2fEOu/yzE=
github.com/gethugothemes/hugo-modules/gzip-caching v0.0.0-20250306074534-f5c3a047e69c h1:fFjJ7B540l3QPYQxRMSOkQX0Y1CTO9zKd/LgOfj/R5E=
github.com/gethugothemes/hugo-modules/gzip-caching v0.0.0-20250306074534-f5c3a047e69c/go.mod h1:0ZMjTZVG4XLZU2/icc8Saqo4mmgMpfRTrUZU2Aa2Pwg=
github.com/gethugothemes/hugo-modules/icons/font-awesome v0.0.0-20250306074534-f5c3a047e69c h1:mC+FC8/IrEU22jS0kGqEKNlWpojU5qaeJz3Yz0Vuvro=
github.com/gethugothemes/hugo-modules/icons/font-awesome v0.0.0-20250306074534-f5c3a047e69c/go.mod h1:d3gy1vQyfasPmGpau7HpQLrXbOv23PfXclSnjyOBxeU=
github.com/gethugothemes/hugo-modules/images v0.0.0-20250306074534-f5c3a047e69c h1:xbUi6JhjO39J+f5l0kn9TiHUXbjWJL0eQh5xruscm3g=
github.com/gethugothemes/hugo-modules/images v0.0.0-20250306074534-f5c3a047e69c/go.mod h1:FKliP3qOW9diIcQeLtyZ0Hdhg3PL8bdAkC/6O+XtU90=
github.com/gethugothemes/hugo-modules/modal v0.0.0-20250306074534-f5c3a047e69c h1:fpY27Trp6kVtQCFOrRpGq5Ql2nqWpn1jvwna3y4JOXc=
github.com/gethugothemes/hugo-modules/modal v0.0.0-20250306074534-f5c3a047e69c/go.mod h1:Eb9v7oV6biymfvjcBhQdvgn0gUGYhUtfCMeOBLFpFsk=
github.com/gethugothemes/hugo-modules/pwa v0.0.0-20250306074534-f5c3a047e69c h1:4KRNS7Ha9awHY7guL2x0Dxcb+U3pel9MGo31vhKUTck=
github.com/gethugothemes/hugo-modules/pwa v0.0.0-20250306074534-f5c3a047e69c/go.mod h1:TRv7iszdfo37O1PbBEE+S8X/enAdpRIxK5DGrp13Qbo=
github.com/gethugothemes/hugo-modules/search v0.0.0-20250306074534-f5c3a047e69c h1:ihF222erK9TTZ6fGOK4vIv63hn4b1Y+g7Owo2pw1l/4=
github.com/gethugothemes/hugo-modules/search v0.0.0-20250306074534-f5c3a047e69c/go.mod h1:tmDvLaZCM+QDvS/WLZXNjY1QTdWh7/68D2wIToECbyA=
github.com/gethugothemes/hugo-modules/seo-tools/basic-seo v0.0.0-20250306074534-f5c3a047e69c h1:i7oZ76sqpw4MT86+N0Gy090NCotRg9yBVibzToQrHeI=
github.com/gethugothemes/hugo-modules/seo-tools/basic-seo v0.0.0-20250306074534-f5c3a047e69c/go.mod h1:Q8dPgjamV7pxwKSQyWV21Xwh5CGi23/k+M8HPTphYbs=
github.com/gethugothemes/hugo-modules/seo-tools/google-tag-manager v0.0.0-20250306074534-f5c3a047e69c h1:tntwWR/B+PB1v36Lb+F5karrQ8DStdUaTypon2iAj+c=
github.com/gethugothemes/hugo-modules/seo-tools/google-tag-manager v0.0.0-20250306074534-f5c3a047e69c/go.mod h1:cCq50yd55eFTrpqOfeyOK5X0hU5E7qxsqOD7IzTsgLA=
github.com/gethugothemes/hugo-modules/seo-tools/site-verifications v0.0.0-20250306074534-f5c3a047e69c h1:xrK2hP8W7ULNU1aXNU7dsIErDxcOMb72ofPBzgwmU7Y=
github.com/gethugothemes/hugo-modules/seo-tools/site-verifications v0.0.0-20250306074534-f5c3a047e69c/go.mod h1:iXielaya126qJscz7Bc2G2WB91moloQOoWru6UoBUyE=
github.com/gethugothemes/hugo-modules/shortcodes/button v0.0.0-20250306074534-f5c3a047e69c h1:NgEBbh+Koth5T0fd2oyIfMWaIaCPfbVR+F2BZWLq0sM=
github.com/gethugothemes/hugo-modules/shortcodes/button v0.0.0-20250306074534-f5c3a047e69c/go.mod h1:MSvxGvjvcGUKTs6YMATU/9kYFrzW+VSVdy4CCOQLdsY=
github.com/gethugothemes/hugo-modules/shortcodes/notice v0.0.0-20250306074534-f5c3a047e69c h1:25ei9oeHd/rXXrSCtSHdriokprEsE0eVetkivYUT3Oc=
github.com/gethugothemes/hugo-modules/shortcodes/notice v0.0.0-20250306074534-f5c3a047e69c/go.mod h1:ljWyMJx82WA+6SlKjbGFhEdxcriyvUTCjXkJHDa4lho=
github.com/gethugothemes/hugo-modules/tab v0.0.0-20250306074534-f5c3a047e69c h1:sWWIEzae9RHx6kieAi9ngn96HfOHQIjIQtSCTfC22m8=
github.com/gethugothemes/hugo-modules/tab v0.0.0-20250306074534-f5c3a047e69c/go.mod h1:h3UxlxrFoU19JldxWLPBKaTZFe3AJtABrqo1wfxr+Ng=
github.com/gethugothemes/hugo-modules/table-of-contents v0.0.0-20250306074534-f5c3a047e69c h1:kH5cz2z90PjaUbQLuOFiuaNKPZKByqfXQ35WmWo4QdI=
github.com/gethugothemes/hugo-modules/table-of-contents v0.0.0-20250306074534-f5c3a047e69c/go.mod h1:bEDw4veccQQQYEdVrfu13ATRUWfW8ptDIjJZuhYh4Tw=
github.com/gethugothemes/hugo-modules/videos v0.0.0-20250306074534-f5c3a047e69c h1:O2QVyGn0tnNIyGwsd8r8RBfJDQ8xpPAyH6n2+5UPOe0=
github.com/gethugothemes/hugo-modules/videos v0.0.0-20250306074534-f5c3a047e69c/go.mod h1:P722lLWdnNhdZVq6gvMrOLqECUwrAYQWaOWlChta5H0=
github.com/hugomods/mermaid v0.1.4 h1:/u0FZRSBMpqTbDh4XPBL7c6p0DUjvIkoo9cC89GASSI=
github.com/hugomods/mermaid v0.1.4/go.mod h1:GOID2Ko1vdrX03ZMaFNQL/vdTU1tZmGcVjOgBN8O42Y=
github.com/zeon-studio/hugoplate v0.0.0-20250302033712-b9809a22d1b7 h1:Ci3jnwG4jkNN452SNDgqtWJ33s/s6ZvlG4uK8CDZczs=
github.com/zeon-studio/hugoplate v0.0.0-20250302033712-b9809a22d1b7/go.mod h1:YlRIwdTWidquf1dhtx+mDfu0I3KVrVQB4wi4UmHlK3E=
